
Microsoft Visual Studio Solution File, Format Version 12.00
# Visual Studio 2012
Project("{FAE04EC0-301F-11D3-BF4B-00C04F79EFBC}") = "RetriPala", "RetriPala\RetriPala.csproj", "{666CF0EF-4241-4ADE-BC24-82036B3B7D4C}"
EndProject
Global
	GlobalSection(SolutionConfigurationPlatforms) = preSolution
		Debug|Any CPU = Debug|Any CPU
		Release|Any CPU = Release|Any CPU
	EndGlobalSection
	GlobalSection(ProjectConfigurationPlatforms) = postSolution
		{666CF0EF-4241-4ADE-BC24-82036B3B7D4C}.Debug|Any CPU.ActiveCfg = Debug|Any CPU
		{666CF0EF-4241-4ADE-BC24-82036B3B7D4C}.Debug|Any CPU.Build.0 = Debug|Any CPU
		{666CF0EF-4241-4ADE-BC24-82036B3B7D4C}.Release|Any CPU.ActiveCfg = Release|Any CPU
		{666CF0EF-4241-4ADE-BC24-82036B3B7D4C}.Release|Any CPU.Build.0 = Release|Any CPU
	EndGlobalSection
	GlobalSection(MonoDevelopProperties) = preSolution
		StartupItem = RetriPala\RetriPala.csproj
	EndGlobalSection
EndGlobal
